
Microsoft Visual Studio Solution File, Format Version 12.00
# Visual Studio 15
VisualStudioVersion = 15.0.28010.2046
MinimumVisualStudioVersion = 10.0.40219.1
Project("{9092AA53-FB77-4645-B42D-1CCCA6BD08BD}") = "loadzip", "loadzip.njsproj", "{574A8FAC-F763-4A1D-B122-9FE2EB06A08C}"
EndProject
Project("{2150E333-8FDC-42A3-9474-1A3956D46DE8}") = "Solution Items", "Solution Items", "{BF47CE15-DC5B-4D22-85C2-77B25FDD1E81}"
	ProjectSection(SolutionItems) = preProject
		aäeioöuü.txt = aäeioöuü.txt
	EndProjectSection
EndProject
Global
	GlobalSection(SolutionConfigurationPlatforms) = preSolution
		Debug|Any CPU = Debug|Any CPU
		Release|Any CPU = Release|Any CPU
	EndGlobalSection
	GlobalSection(ProjectConfigurationPlatforms) = postSolution
		{574A8FAC-F763-4A1D-B122-9FE2EB06A08C}.Debug|Any CPU.ActiveCfg = Debug|Any CPU
		{574A8FAC-F763-4A1D-B122-9FE2EB06A08C}.Debug|Any CPU.Build.0 = Debug|Any CPU
		{574A8FAC-F763-4A1D-B122-9FE2EB06A08C}.Release|Any CPU.ActiveCfg = Release|Any CPU
		{574A8FAC-F763-4A1D-B122-9FE2EB06A08C}.Release|Any CPU.Build.0 = Release|Any CPU
	EndGlobalSection
	GlobalSection(SolutionProperties) = preSolution
		HideSolutionNode = FALSE
	EndGlobalSection
	GlobalSection(ExtensibilityGlobals) = postSolution
		SolutionGuid = {AF775B41-86E7-4B01-A733-D143380BA84C}
	EndGlobalSection
	GlobalSection(TeamFoundationVersionControl) = preSolution
		SccNumberOfProjects = 2
		SccEnterpriseProvider = {4CA58AB2-18FA-4F8D-95D4-32DDF27D184C}
		SccTeamFoundationServer = http://tfs:8080/tfs/mescar
		SccLocalPath0 = .
		SccProjectUniqueName1 = loadzip.njsproj
		SccLocalPath1 = .
	EndGlobalSection
EndGlobal
